
Microsoft Visual Studio Solution File, Format Version 12.00
# Visual Studio Version 16
VisualStudioVersion = 16.0.29613.14
MinimumVisualStudioVersion = 10.0.40219.1
Project("{FAE04EC0-301F-11D3-BF4B-00C04F79EFBC}") = "eCommerceShopApi", "eCommerceShopApi\eCommerceShopApi.csproj", "{995D948C-2889-42F3-98F4-7BFE6BD287CB}"
EndProject
Global
	GlobalSection(SolutionConfigurationPlatforms) = preSolution
		Debug|Any CPU = Debug|Any CPU
		Release|Any CPU = Release|Any CPU
	EndGlobalSection
	GlobalSection(ProjectConfigurationPlatforms) = postSolution
		{995D948C-2889-42F3-98F4-7BFE6BD287CB}.Debug|Any CPU.ActiveCfg = Debug|Any CPU
		{995D948C-2889-42F3-98F4-7BFE6BD287CB}.Debug|Any CPU.Build.0 = Debug|Any CPU
		{995D948C-2889-42F3-98F4-7BFE6BD287CB}.Release|Any CPU.ActiveCfg = Release|Any CPU
		{995D948C-2889-42F3-98F4-7BFE6BD287CB}.Release|Any CPU.Build.0 = Release|Any CPU
	EndGlobalSection
	GlobalSection(SolutionProperties) = preSolution
		HideSolutionNode = FALSE
	EndGlobalSection
	GlobalSection(ExtensibilityGlobals) = postSolution
		SolutionGuid = {0244D6E9-614C-462D-BD46-8C34EF8E24F4}
	EndGlobalSection
EndGlobal
